
Microsoft Visual Studio Solution File, Format Version 12.00
# Visual Studio Version 16
VisualStudioVersion = 16.0.29926.136
MinimumVisualStudioVersion = 10.0.40219.1
Project("{9A19103F-16F7-4668-BE54-9A1E7A4F7556}") = "Sandwych.SmartConfig", "src\Sandwych.SmartConfig\Sandwych.SmartConfig.csproj", "{147CCAF3-F2DC-4D48-ACC5-7082D7DE7BF6}"
EndProject
Project("{FAE04EC0-301F-11D3-BF4B-00C04F79EFBC}") = "Sandwych.SmartConfig.AndroidDemoApp", "demo\Sandwych.SmartConfig.AndroidDemoApp\Sandwych.SmartConfig.AndroidDemoApp.csproj", "{4B7AA7C1-C490-4E29-A8B5-AF6E42F55F99}"
EndProject
Project("{FAE04EC0-301F-11D3-BF4B-00C04F79EFBC}") = "Sandwych.SmartConfig.CliDemoApp", "demo\Sandwych.SmartConfig.CliDemoApp\Sandwych.SmartConfig.CliDemoApp.csproj", "{5CBEA915-C15F-4074-8850-ACB0B9EB94F8}"
EndProject
Global
	GlobalSection(SolutionConfigurationPlatforms) = preSolution
		Debug|Any CPU = Debug|Any CPU
		Release|Any CPU = Release|Any CPU
	EndGlobalSection
	GlobalSection(ProjectConfigurationPlatforms) = postSolution
		{147CCAF3-F2DC-4D48-ACC5-7082D7DE7BF6}.Debug|Any CPU.ActiveCfg = Debug|Any CPU
		{147CCAF3-F2DC-4D48-ACC5-7082D7DE7BF6}.Debug|Any CPU.Build.0 = Debug|Any CPU
		{147CCAF3-F2DC-4D48-ACC5-7082D7DE7BF6}.Release|Any CPU.ActiveCfg = Release|Any CPU
		{147CCAF3-F2DC-4D48-ACC5-7082D7DE7BF6}.Release|Any CPU.Build.0 = Release|Any CPU
		{4B7AA7C1-C490-4E29-A8B5-AF6E42F55F99}.Debug|Any CPU.ActiveCfg = Debug|Any CPU
		{4B7AA7C1-C490-4E29-A8B5-AF6E42F55F99}.Debug|Any CPU.Build.0 = Debug|Any CPU
		{4B7AA7C1-C490-4E29-A8B5-AF6E42F55F99}.Debug|Any CPU.Deploy.0 = Debug|Any CPU
		{4B7AA7C1-C490-4E29-A8B5-AF6E42F55F99}.Release|Any CPU.ActiveCfg = Release|Any CPU
		{4B7AA7C1-C490-4E29-A8B5-AF6E42F55F99}.Release|Any CPU.Build.0 = Release|Any CPU
		{4B7AA7C1-C490-4E29-A8B5-AF6E42F55F99}.Release|Any CPU.Deploy.0 = Release|Any CPU
		{5CBEA915-C15F-4074-8850-ACB0B9EB94F8}.Debug|Any CPU.ActiveCfg = Debug|Any CPU
		{5CBEA915-C15F-4074-8850-ACB0B9EB94F8}.Debug|Any CPU.Build.0 = Debug|Any CPU
		{5CBEA915-C15F-4074-8850-ACB0B9EB94F8}.Release|Any CPU.ActiveCfg = Release|Any CPU
		{5CBEA915-C15F-4074-8850-ACB0B9EB94F8}.Release|Any CPU.Build.0 = Release|Any CPU
	EndGlobalSection
	GlobalSection(SolutionProperties) = preSolution
		HideSolutionNode = FALSE
	EndGlobalSection
	GlobalSection(ExtensibilityGlobals) = postSolution
		SolutionGuid = {2DE497AB-6AEF-4839-B02E-F8ADECFE4027}
	EndGlobalSection
EndGlobal
